{
  "requires": true,
  "lockfileVersion": 1,
  "dependencies": {
    "@dcloudio/types": {
      "version": "2.6.4",
      "resolved": "https://registry.npmjs.org/@dcloudio/types/-/types-2.6.4.tgz",
      "integrity": "sha512-Tr3+46YJ/sL4nnAmNSeela5/0g6O2WP6ZFVjkVoBkhHcOwJsRUXm3RblD+B2fjBtZs0IW0Ulxogi/jGoOk0WIA=="
    },
    "axios": {
      "version": "0.26.1",
      "resolved": "https://registry.npmjs.org/axios/-/axios-0.26.1.tgz",
      "integrity": "sha512-fPwcX4EvnSHuInCMItEhAGnaSEXRBjtzh9fOtsE6E1G6p7vl7edEeZe11QHf18+6+9gR5PbKV/sGKNaD8YaMeA==",
      "requires": {
        "follow-redirects": "^1.14.8"
      }
    },
    "follow-redirects": {
      "version": "1.14.9",
      "resolved": "https://registry.npmjs.org/follow-redirects/-/follow-redirects-1.14.9.tgz",
      "integrity": "sha512-MQDfihBQYMcyy5dhRDJUHcw7lb2Pv/TuE6xP1vyraLukNDHKbDxDNaOE3NbCAdKQApno+GPRyo1YAp89yCjK4w=="
    },
    "luch-request": {
      "version": "3.0.7",
      "resolved": "https://registry.npmjs.org/luch-request/-/luch-request-3.0.7.tgz",
      "integrity": "sha512-rYTgAO0CiAMjuotvwhtEREQ6mh/qdgYO2a+cKDv2VPnww/MdNaHMGMpsPY6VvJCOtfH7kV9lDujjuihhlu1xmg==",
      "requires": {
        "@dcloudio/types": "^2.0.16"
      }
    },
    "prettier": {
      "version": "1.12.1",
      "resolved": "http://registry.npm.taobao.org/prettier/download/prettier-1.12.1.tgz",
      "integrity": "sha1-wa0g6APndJ+vkFpAnSNn4Gu+cyU="
    }
  }
}
